<?xml version="1.0" encoding="utf-8"?>
<Project ToolsVersion="4.0" xmlns="http://schemas.microsoft.com/developer/msbuild/2003">
  <ItemGroup>
    <Filter Include="Source Files">
      <UniqueIdentifier>{4FC737F1-C7A5-4376-A066-2A32D752A2FF}</UniqueIdentifier>
      <Extensions>cpp;c;cc;cxx;def;odl;idl;hpj;bat;asm;asmx</Extensions>
    </Filter>
    <Filter Include="Header Files">
      <UniqueIdentifier>{93995380-89BD-4b04-88EB-625FBE52EBFB}</UniqueIdentifier>
      <Extensions>h;hh;hpp;hxx;hm;inl;inc;xsd</Extensions>
    </Filter>
    <Filter Include="Resource Files">
      <UniqueIdentifier>{67DA6AB6-F800-4c08-8B7A-83BB121AAD01}</UniqueIdentifier>
      <Extensions>rc;ico;cur;bmp;dlg;rc2;rct;bin;rgs;gif;jpg;jpeg;jpe;resx;tiff;tif;png;wav;mfcribbon-ms</Extensions>
    </Filter>
  </ItemGroup>
  <ItemGroup>
    <ClInclude Include="stdafx.h">
      <Filter>Header Files</Filter>
    </ClInclude>
    <ClInclude Include="targetver.h">
      <Filter>Header Files</Filter>
    </ClInclude>
    <ClInclude Include="resource.h">
      <Filter>Header Files</Filter>
    </ClInclude>
    <ClInclude Include="SVGDemo.h">
      <Filter>Header Files</Filter>
    </ClInclude>
    <ClInclude Include="rapidxml.hpp">
      <Filter>Header Files</Filter>
    </ClInclude>
    <ClInclude Include="SVGPoint.h">
      <Filter>Header Files</Filter>
    </ClInclude>
    <ClInclude Include="SVGElement.h">
      <Filter>Header Files</Filter>
    </ClInclude>
    <ClInclude Include="GeometricElement.h">
      <Filter>Header Files</Filter>
    </ClInclude>
    <ClInclude Include="Rect.h">
      <Filter>Header Files</Filter>
    </ClInclude>
    <ClInclude Include="Circle.h">
      <Filter>Header Files</Filter>
    </ClInclude>
    <ClInclude Include="Ellipes.h">
      <Filter>Header Files</Filter>
    </ClInclude>
    <ClInclude Include="Line.h">
      <Filter>Header Files</Filter>
    </ClInclude>
    <ClInclude Include="Polygon.h">
      <Filter>Header Files</Filter>
    </ClInclude>
    <ClInclude Include="Path.h">
      <Filter>Header Files</Filter>
    </ClInclude>
    <ClInclude Include="TextElement.h">
      <Filter>Header Files</Filter>
    </ClInclude>
    <ClInclude Include="SVGRoot.h">
      <Filter>Header Files</Filter>
    </ClInclude>
    <ClInclude Include="Library.h">
      <Filter>Header Files</Filter>
    </ClInclude>
    <ClInclude Include="Polyline.h">
      <Filter>Header Files</Filter>
    </ClInclude>
    <ClInclude Include="Color.h">
      <Filter>Header Files</Filter>
    </ClInclude>
    <ClInclude Include="Stroke.h">
      <Filter>Header Files</Filter>
    </ClInclude>
    <ClInclude Include="SVGGroup.h">
      <Filter>Header Files</Filter>
    </ClInclude>
    <ClInclude Include="SVGStop.h">
      <Filter>Header Files</Filter>
    </ClInclude>
    <ClInclude Include="SVGGradient.h">
      <Filter>Header Files</Filter>
    </ClInclude>
    <ClInclude Include="SVGLinearGradient.h">
      <Filter>Header Files</Filter>
    </ClInclude>
    <ClInclude Include="SVGRadialGradient.h">
      <Filter>Header Files</Filter>
    </ClInclude>
  </ItemGroup>
  <ItemGroup>
    <ClCompile Include="stdafx.cpp">
      <Filter>Source Files</Filter>
    </ClCompile>
    <ClCompile Include="SVGDemo.cpp">
      <Filter>Source Files</Filter>
    </ClCompile>
    <ClCompile Include="SVGRoot.cpp">
      <Filter>Source Files</Filter>
    </ClCompile>
    <ClCompile Include="SVGElement.cpp">
      <Filter>Source Files</Filter>
    </ClCompile>
    <ClCompile Include="SVGPoint.cpp">
      <Filter>Source Files</Filter>
    </ClCompile>
    <ClCompile Include="GeometricElement.cpp">
      <Filter>Source Files</Filter>
    </ClCompile>
    <ClCompile Include="Circle.cpp">
      <Filter>Source Files</Filter>
    </ClCompile>
    <ClCompile Include="Ellipes.cpp">
      <Filter>Source Files</Filter>
    </ClCompile>
    <ClCompile Include="Line.cpp">
      <Filter>Source Files</Filter>
    </ClCompile>
    <ClCompile Include="Path.cpp">
      <Filter>Source Files</Filter>
    </ClCompile>
    <ClCompile Include="Rect.cpp">
      <Filter>Source Files</Filter>
    </ClCompile>
    <ClCompile Include="Polygon.cpp">
      <Filter>Source Files</Filter>
    </ClCompile>
    <ClCompile Include="Polyline.cpp">
      <Filter>Source Files</Filter>
    </ClCompile>
    <ClCompile Include="TextElement.cpp">
      <Filter>Source Files</Filter>
    </ClCompile>
    <ClCompile Include="Color.cpp">
      <Filter>Source Files</Filter>
    </ClCompile>
    <ClCompile Include="Stroke.cpp">
      <Filter>Source Files</Filter>
    </ClCompile>
    <ClCompile Include="SVGGroup.cpp">
      <Filter>Source Files</Filter>
    </ClCompile>
    <ClCompile Include="SVGStop.cpp">
      <Filter>Source Files</Filter>
    </ClCompile>
    <ClCompile Include="SVGGradient.cpp">
      <Filter>Source Files</Filter>
    </ClCompile>
    <ClCompile Include="SVGLinearGradient.cpp">
      <Filter>Source Files</Filter>
    </ClCompile>
    <ClCompile Include="SVGRadialGradient.cpp">
      <Filter>Source Files</Filter>
    </ClCompile>
  </ItemGroup>
  <ItemGroup>
    <ResourceCompile Include="SVGDemo.rc">
      <Filter>Resource Files</Filter>
    </ResourceCompile>
  </ItemGroup>
  <ItemGroup>
    <Image Include="small.ico">
      <Filter>Resource Files</Filter>
    </Image>
    <Image Include="SVGDemo.ico">
      <Filter>Resource Files</Filter>
    </Image>
  </ItemGroup>
  <ItemGroup>
    <None Include="sample.svg" />
    <None Include="Test1.svg" />
    <None Include="Test2.svg" />
    <None Include="Test3.svg" />
    <None Include="Test4.svg" />
    <None Include="TestCases\svg-01.svg" />
    <None Include="TestCases\svg-03.svg" />
    <None Include="TestCases\svg-04.svg" />
    <None Include="TestCases\svg-05.svg" />
    <None Include="TestCases\svg-06.svg" />
    <None Include="TestCases\svg-07.svg" />
    <None Include="TestCases\svg-08.svg" />
    <None Include="TestCases\svg-09.svg" />
    <None Include="TestCases\svg-10.svg" />
    <None Include="TestCases\svg-11.svg" />
    <None Include="TestCases\svg-12.svg" />
    <None Include="TestCases\svg-13.svg" />
    <None Include="TestCases\svg-14.svg" />
    <None Include="TestCases\svg-15.svg" />
    <None Include="TestCases\svg-16.svg" />
    <None Include="TestCases\svg-17.svg" />
    <None Include="TestCases\svg-18.svg" />
    <None Include="svg-02.svg" />
    <None Include="Test5.svg" />
  </ItemGroup>
</Project>